
Microsoft Visual Studio Solution File, Format Version 12.00
# Visual Studio Version 16
VisualStudioVersion = 16.0.30611.23
MinimumVisualStudioVersion = 10.0.40219.1
Project("{FAE04EC0-301F-11D3-BF4B-00C04F79EFBC}") = "Homework5", "Homework5\Homework5.csproj", "{496DF590-1196-4E04-8D41-46AB8676C0EF}"
EndProject
Project("{FAE04EC0-301F-11D3-BF4B-00C04F79EFBC}") = "ClassWork5", "..\..\ClassWork\ClassWork5\ClassWork5.csproj", "{8F1FB434-FAF2-432F-979A-9E2214D19320}"
EndProject
Global
	GlobalSection(SolutionConfigurationPlatforms) = preSolution
		Debug|Any CPU = Debug|Any CPU
		Release|Any CPU = Release|Any CPU
	EndGlobalSection
	GlobalSection(ProjectConfigurationPlatforms) = postSolution
		{496DF590-1196-4E04-8D41-46AB8676C0EF}.Debug|Any CPU.ActiveCfg = Debug|Any CPU
		{496DF590-1196-4E04-8D41-46AB8676C0EF}.Debug|Any CPU.Build.0 = Debug|Any CPU
		{496DF590-1196-4E04-8D41-46AB8676C0EF}.Release|Any CPU.ActiveCfg = Release|Any CPU
		{496DF590-1196-4E04-8D41-46AB8676C0EF}.Release|Any CPU.Build.0 = Release|Any CPU
		{8F1FB434-FAF2-432F-979A-9E2214D19320}.Debug|Any CPU.ActiveCfg = Debug|Any CPU
		{8F1FB434-FAF2-432F-979A-9E2214D19320}.Debug|Any CPU.Build.0 = Debug|Any CPU
		{8F1FB434-FAF2-432F-979A-9E2214D19320}.Release|Any CPU.ActiveCfg = Release|Any CPU
		{8F1FB434-FAF2-432F-979A-9E2214D19320}.Release|Any CPU.Build.0 = Release|Any CPU
	EndGlobalSection
	GlobalSection(SolutionProperties) = preSolution
		HideSolutionNode = FALSE
	EndGlobalSection
	GlobalSection(ExtensibilityGlobals) = postSolution
		SolutionGuid = {E9243906-FC9C-4096-A0D5-65A7AEFFABBF}
	EndGlobalSection
EndGlobal
