
Microsoft Visual Studio Solution File, Format Version 12.00
# Visual Studio Version 16
VisualStudioVersion = 16.0.29509.3
MinimumVisualStudioVersion = 10.0.40219.1
Project("{FAE04EC0-301F-11D3-BF4B-00C04F79EFBC}") = "ClassWork02", "ClassWork02\ClassWork02.csproj", "{478E7206-0F52-4798-A981-A6964FAD8D01}"
EndProject
Global
	GlobalSection(SolutionConfigurationPlatforms) = preSolution
		Debug|Any CPU = Debug|Any CPU
		Release|Any CPU = Release|Any CPU
	EndGlobalSection
	GlobalSection(ProjectConfigurationPlatforms) = postSolution
		{478E7206-0F52-4798-A981-A6964FAD8D01}.Debug|Any CPU.ActiveCfg = Debug|Any CPU
		{478E7206-0F52-4798-A981-A6964FAD8D01}.Debug|Any CPU.Build.0 = Debug|Any CPU
		{478E7206-0F52-4798-A981-A6964FAD8D01}.Release|Any CPU.ActiveCfg = Release|Any CPU
		{478E7206-0F52-4798-A981-A6964FAD8D01}.Release|Any CPU.Build.0 = Release|Any CPU
	EndGlobalSection
	GlobalSection(SolutionProperties) = preSolution
		HideSolutionNode = FALSE
	EndGlobalSection
	GlobalSection(ExtensibilityGlobals) = postSolution
		SolutionGuid = {FC6EE0BE-35DC-4909-9350-5FE515533853}
	EndGlobalSection
EndGlobal
