
Microsoft Visual Studio Solution File, Format Version 12.00
# Visual Studio Version 16
VisualStudioVersion = 16.0.30611.23
MinimumVisualStudioVersion = 10.0.40219.1
Project("{FAE04EC0-301F-11D3-BF4B-00C04F79EFBC}") = "ClassWork11-1", "ClassWork11-1\ClassWork11-1.csproj", "{1D9A9904-4791-487D-BFFC-02C178BE9544}"
EndProject
Global
	GlobalSection(SolutionConfigurationPlatforms) = preSolution
		Debug|Any CPU = Debug|Any CPU
		Release|Any CPU = Release|Any CPU
	EndGlobalSection
	GlobalSection(ProjectConfigurationPlatforms) = postSolution
		{1D9A9904-4791-487D-BFFC-02C178BE9544}.Debug|Any CPU.ActiveCfg = Debug|Any CPU
		{1D9A9904-4791-487D-BFFC-02C178BE9544}.Debug|Any CPU.Build.0 = Debug|Any CPU
		{1D9A9904-4791-487D-BFFC-02C178BE9544}.Release|Any CPU.ActiveCfg = Release|Any CPU
		{1D9A9904-4791-487D-BFFC-02C178BE9544}.Release|Any CPU.Build.0 = Release|Any CPU
	EndGlobalSection
	GlobalSection(SolutionProperties) = preSolution
		HideSolutionNode = FALSE
	EndGlobalSection
	GlobalSection(ExtensibilityGlobals) = postSolution
		SolutionGuid = {E1D1EAAE-82FE-4248-A6DE-5F12E6F31616}
	EndGlobalSection
EndGlobal
