
Microsoft Visual Studio Solution File, Format Version 12.00
# Visual Studio 15
VisualStudioVersion = 15.0.28307.1259
MinimumVisualStudioVersion = 10.0.40219.1
Project("{FAE04EC0-301F-11D3-BF4B-00C04F79EFBC}") = "Example1", "Example1\Example1.csproj", "{3F2F6BAA-F4D2-4A4A-933D-03D161306700}"
EndProject
Global
	GlobalSection(SolutionConfigurationPlatforms) = preSolution
		Debug|Any CPU = Debug|Any CPU
		Release|Any CPU = Release|Any CPU
	EndGlobalSection
	GlobalSection(ProjectConfigurationPlatforms) = postSolution
		{3F2F6BAA-F4D2-4A4A-933D-03D161306700}.Debug|Any CPU.ActiveCfg = Debug|Any CPU
		{3F2F6BAA-F4D2-4A4A-933D-03D161306700}.Debug|Any CPU.Build.0 = Debug|Any CPU
		{3F2F6BAA-F4D2-4A4A-933D-03D161306700}.Release|Any CPU.ActiveCfg = Release|Any CPU
		{3F2F6BAA-F4D2-4A4A-933D-03D161306700}.Release|Any CPU.Build.0 = Release|Any CPU
	EndGlobalSection
	GlobalSection(SolutionProperties) = preSolution
		HideSolutionNode = FALSE
	EndGlobalSection
	GlobalSection(ExtensibilityGlobals) = postSolution
		SolutionGuid = {B98DD581-63C7-4A3A-9FBE-0E3D6208547D}
	EndGlobalSection
EndGlobal
