
Microsoft Visual Studio Solution File, Format Version 12.00
# Visual Studio Version 16
VisualStudioVersion = 16.0.30611.23
MinimumVisualStudioVersion = 10.0.40219.1
Project("{FAE04EC0-301F-11D3-BF4B-00C04F79EFBC}") = "Classwork12", "Classwork12\Classwork12.csproj", "{BE9D80F0-152A-4128-92BD-D3CEB1C31450}"
EndProject
Global
	GlobalSection(SolutionConfigurationPlatforms) = preSolution
		Debug|Any CPU = Debug|Any CPU
		Release|Any CPU = Release|Any CPU
	EndGlobalSection
	GlobalSection(ProjectConfigurationPlatforms) = postSolution
		{BE9D80F0-152A-4128-92BD-D3CEB1C31450}.Debug|Any CPU.ActiveCfg = Debug|Any CPU
		{BE9D80F0-152A-4128-92BD-D3CEB1C31450}.Debug|Any CPU.Build.0 = Debug|Any CPU
		{BE9D80F0-152A-4128-92BD-D3CEB1C31450}.Release|Any CPU.ActiveCfg = Release|Any CPU
		{BE9D80F0-152A-4128-92BD-D3CEB1C31450}.Release|Any CPU.Build.0 = Release|Any CPU
	EndGlobalSection
	GlobalSection(SolutionProperties) = preSolution
		HideSolutionNode = FALSE
	EndGlobalSection
	GlobalSection(ExtensibilityGlobals) = postSolution
		SolutionGuid = {6E8E45CB-2926-4282-B342-4E26189686A9}
	EndGlobalSection
EndGlobal
