
Microsoft Visual Studio Solution File, Format Version 12.00
# Visual Studio Version 16
VisualStudioVersion = 16.0.30611.23
MinimumVisualStudioVersion = 10.0.40219.1
Project("{FAE04EC0-301F-11D3-BF4B-00C04F79EFBC}") = "HomeWork10-1", "HomeWork10-1\HomeWork10-1.csproj", "{6DCC7F4D-86E9-48C5-9BB4-9011ACD3428D}"
EndProject
Global
	GlobalSection(SolutionConfigurationPlatforms) = preSolution
		Debug|Any CPU = Debug|Any CPU
		Release|Any CPU = Release|Any CPU
	EndGlobalSection
	GlobalSection(ProjectConfigurationPlatforms) = postSolution
		{6DCC7F4D-86E9-48C5-9BB4-9011ACD3428D}.Debug|Any CPU.ActiveCfg = Debug|Any CPU
		{6DCC7F4D-86E9-48C5-9BB4-9011ACD3428D}.Debug|Any CPU.Build.0 = Debug|Any CPU
		{6DCC7F4D-86E9-48C5-9BB4-9011ACD3428D}.Release|Any CPU.ActiveCfg = Release|Any CPU
		{6DCC7F4D-86E9-48C5-9BB4-9011ACD3428D}.Release|Any CPU.Build.0 = Release|Any CPU
	EndGlobalSection
	GlobalSection(SolutionProperties) = preSolution
		HideSolutionNode = FALSE
	EndGlobalSection
	GlobalSection(ExtensibilityGlobals) = postSolution
		SolutionGuid = {1E0B2331-B9A6-4E5C-A4D2-E93A0E1D10CB}
	EndGlobalSection
EndGlobal
