
Microsoft Visual Studio Solution File, Format Version 12.00
# Visual Studio Version 16
VisualStudioVersion = 16.0.30611.23
MinimumVisualStudioVersion = 10.0.40219.1
Project("{FAE04EC0-301F-11D3-BF4B-00C04F79EFBC}") = "classwork10-1", "classwork10-1\classwork10-1.csproj", "{CEC0949D-478F-4E55-9CC9-0E5A1539CA83}"
EndProject
Global
	GlobalSection(SolutionConfigurationPlatforms) = preSolution
		Debug|Any CPU = Debug|Any CPU
		Release|Any CPU = Release|Any CPU
	EndGlobalSection
	GlobalSection(ProjectConfigurationPlatforms) = postSolution
		{CEC0949D-478F-4E55-9CC9-0E5A1539CA83}.Debug|Any CPU.ActiveCfg = Debug|Any CPU
		{CEC0949D-478F-4E55-9CC9-0E5A1539CA83}.Debug|Any CPU.Build.0 = Debug|Any CPU
		{CEC0949D-478F-4E55-9CC9-0E5A1539CA83}.Release|Any CPU.ActiveCfg = Release|Any CPU
		{CEC0949D-478F-4E55-9CC9-0E5A1539CA83}.Release|Any CPU.Build.0 = Release|Any CPU
	EndGlobalSection
	GlobalSection(SolutionProperties) = preSolution
		HideSolutionNode = FALSE
	EndGlobalSection
	GlobalSection(ExtensibilityGlobals) = postSolution
		SolutionGuid = {56151143-9E2A-492A-BD52-00BB14C5EC7F}
	EndGlobalSection
EndGlobal
