
Microsoft Visual Studio Solution File, Format Version 12.00
# Visual Studio Version 16
VisualStudioVersion = 16.0.30611.23
MinimumVisualStudioVersion = 10.0.40219.1
Project("{FAE04EC0-301F-11D3-BF4B-00C04F79EFBC}") = "classwork5-3", "classwork5-3\classwork5-3.csproj", "{132B04D4-50A6-4516-86E9-E4C9236703D4}"
EndProject
Global
	GlobalSection(SolutionConfigurationPlatforms) = preSolution
		Debug|Any CPU = Debug|Any CPU
		Release|Any CPU = Release|Any CPU
	EndGlobalSection
	GlobalSection(ProjectConfigurationPlatforms) = postSolution
		{132B04D4-50A6-4516-86E9-E4C9236703D4}.Debug|Any CPU.ActiveCfg = Debug|Any CPU
		{132B04D4-50A6-4516-86E9-E4C9236703D4}.Debug|Any CPU.Build.0 = Debug|Any CPU
		{132B04D4-50A6-4516-86E9-E4C9236703D4}.Release|Any CPU.ActiveCfg = Release|Any CPU
		{132B04D4-50A6-4516-86E9-E4C9236703D4}.Release|Any CPU.Build.0 = Release|Any CPU
	EndGlobalSection
	GlobalSection(SolutionProperties) = preSolution
		HideSolutionNode = FALSE
	EndGlobalSection
	GlobalSection(ExtensibilityGlobals) = postSolution
		SolutionGuid = {23453282-CFF1-416C-AFC5-AA4B5A75D4D4}
	EndGlobalSection
EndGlobal
