
Microsoft Visual Studio Solution File, Format Version 12.00
# Visual Studio Version 16
VisualStudioVersion = 16.0.30611.23
MinimumVisualStudioVersion = 10.0.40219.1
Project("{FAE04EC0-301F-11D3-BF4B-00C04F79EFBC}") = "HomeWork11", "HomeWork11\HomeWork11.csproj", "{52A5C83D-8C46-44E7-97B6-0949725D9266}"
EndProject
Global
	GlobalSection(SolutionConfigurationPlatforms) = preSolution
		Debug|Any CPU = Debug|Any CPU
		Release|Any CPU = Release|Any CPU
	EndGlobalSection
	GlobalSection(ProjectConfigurationPlatforms) = postSolution
		{52A5C83D-8C46-44E7-97B6-0949725D9266}.Debug|Any CPU.ActiveCfg = Debug|Any CPU
		{52A5C83D-8C46-44E7-97B6-0949725D9266}.Debug|Any CPU.Build.0 = Debug|Any CPU
		{52A5C83D-8C46-44E7-97B6-0949725D9266}.Release|Any CPU.ActiveCfg = Release|Any CPU
		{52A5C83D-8C46-44E7-97B6-0949725D9266}.Release|Any CPU.Build.0 = Release|Any CPU
	EndGlobalSection
	GlobalSection(SolutionProperties) = preSolution
		HideSolutionNode = FALSE
	EndGlobalSection
	GlobalSection(ExtensibilityGlobals) = postSolution
		SolutionGuid = {D06BB365-E60C-4BC5-A9E1-6375FADEAB8A}
	EndGlobalSection
EndGlobal
