
Microsoft Visual Studio Solution File, Format Version 12.00
# Visual Studio Version 16
VisualStudioVersion = 16.0.30611.23
MinimumVisualStudioVersion = 10.0.40219.1
Project("{FAE04EC0-301F-11D3-BF4B-00C04F79EFBC}") = "Classwork5-4", "Classwork5-4\Classwork5-4.csproj", "{94BBA40F-FA38-42AA-B981-A9DAE480FF58}"
EndProject
Global
	GlobalSection(SolutionConfigurationPlatforms) = preSolution
		Debug|Any CPU = Debug|Any CPU
		Release|Any CPU = Release|Any CPU
	EndGlobalSection
	GlobalSection(ProjectConfigurationPlatforms) = postSolution
		{94BBA40F-FA38-42AA-B981-A9DAE480FF58}.Debug|Any CPU.ActiveCfg = Debug|Any CPU
		{94BBA40F-FA38-42AA-B981-A9DAE480FF58}.Debug|Any CPU.Build.0 = Debug|Any CPU
		{94BBA40F-FA38-42AA-B981-A9DAE480FF58}.Release|Any CPU.ActiveCfg = Release|Any CPU
		{94BBA40F-FA38-42AA-B981-A9DAE480FF58}.Release|Any CPU.Build.0 = Release|Any CPU
	EndGlobalSection
	GlobalSection(SolutionProperties) = preSolution
		HideSolutionNode = FALSE
	EndGlobalSection
	GlobalSection(ExtensibilityGlobals) = postSolution
		SolutionGuid = {DFA6F62D-41B9-4F54-B2B7-6628FCA96955}
	EndGlobalSection
EndGlobal
