
Microsoft Visual Studio Solution File, Format Version 12.00
# Visual Studio Version 16
VisualStudioVersion = 16.0.29920.165
MinimumVisualStudioVersion = 10.0.40219.1
Project("{FAE04EC0-301F-11D3-BF4B-00C04F79EFBC}") = "Lesson02_additional_homework", "Lesson02_additional_homework\Lesson02_additional_homework.csproj", "{807C980F-8710-4F95-A6F5-F29D6F6600D3}"
EndProject
Global
	GlobalSection(SolutionConfigurationPlatforms) = preSolution
		Debug|Any CPU = Debug|Any CPU
		Release|Any CPU = Release|Any CPU
	EndGlobalSection
	GlobalSection(ProjectConfigurationPlatforms) = postSolution
		{807C980F-8710-4F95-A6F5-F29D6F6600D3}.Debug|Any CPU.ActiveCfg = Debug|Any CPU
		{807C980F-8710-4F95-A6F5-F29D6F6600D3}.Debug|Any CPU.Build.0 = Debug|Any CPU
		{807C980F-8710-4F95-A6F5-F29D6F6600D3}.Release|Any CPU.ActiveCfg = Release|Any CPU
		{807C980F-8710-4F95-A6F5-F29D6F6600D3}.Release|Any CPU.Build.0 = Release|Any CPU
	EndGlobalSection
	GlobalSection(SolutionProperties) = preSolution
		HideSolutionNode = FALSE
	EndGlobalSection
	GlobalSection(ExtensibilityGlobals) = postSolution
		SolutionGuid = {CDF9B4FF-4295-48A4-B6AD-5BE9DEB7FA5A}
	EndGlobalSection
EndGlobal
